
Microsoft Visual Studio Solution File, Format Version 12.00
# Visual Studio 15
VisualStudioVersion = 15.0.27130.2010
MinimumVisualStudioVersion = 10.0.40219.1
Project("{2150E333-8FDC-42A3-9474-1A3956D46DE8}") = "Engine", "Engine", "{B68D27F0-5B42-41B1-B706-1CCE9FB8FD16}"
EndProject
Project("{2150E333-8FDC-42A3-9474-1A3956D46DE8}") = "Games", "Games", "{4909B2A4-D07B-425F-9BA1-3D2252657D09}"
EndProject
Project("{8BC9CEB8-8B4A-11D0-8D11-00A0C91BC942}") = "UE4", "Intermediate\ProjectFiles\UE4.vcxproj", "{FE4D7CFD-EC58-4FC6-8D37-931BA46F55AB}"
EndProject
Project("{8BC9CEB8-8B4A-11D0-8D11-00A0C91BC942}") = "FPSGame", "Intermediate\ProjectFiles\FPSGame.vcxproj", "{75C1BC54-B7C3-43F2-BD11-3858726761DF}"
EndProject
Global
	GlobalSection(SolutionConfigurationPlatforms) = preSolution
		DebugGame Editor|HTML5 = DebugGame Editor|HTML5
		DebugGame Editor|Win32 = DebugGame Editor|Win32
		DebugGame Editor|Win64 = DebugGame Editor|Win64
		DebugGame|HTML5 = DebugGame|HTML5
		DebugGame|Win32 = DebugGame|Win32
		DebugGame|Win64 = DebugGame|Win64
		Development Editor|HTML5 = Development Editor|HTML5
		Development Editor|Win32 = Development Editor|Win32
		Development Editor|Win64 = Development Editor|Win64
		Development|HTML5 = Development|HTML5
		Development|Win32 = Development|Win32
		Development|Win64 = Development|Win64
		Shipping|HTML5 = Shipping|HTML5
		Shipping|Win32 = Shipping|Win32
		Shipping|Win64 = Shipping|Win64
	EndGlobalSection
	GlobalSection(ProjectConfigurationPlatforms) = postSolution
		{FE4D7CFD-EC58-4FC6-8D37-931BA46F55AB}.DebugGame Editor|HTML5.ActiveCfg = BuiltWithUnrealBuildTool|Win32
		{FE4D7CFD-EC58-4FC6-8D37-931BA46F55AB}.DebugGame Editor|HTML5.Build.0 = BuiltWithUnrealBuildTool|Win32
		{FE4D7CFD-EC58-4FC6-8D37-931BA46F55AB}.DebugGame Editor|Win32.ActiveCfg = BuiltWithUnrealBuildTool|Win32
		{FE4D7CFD-EC58-4FC6-8D37-931BA46F55AB}.DebugGame Editor|Win32.Build.0 = BuiltWithUnrealBuildTool|Win32
		{FE4D7CFD-EC58-4FC6-8D37-931BA46F55AB}.DebugGame Editor|Win64.ActiveCfg = BuiltWithUnrealBuildTool|Win32
		{FE4D7CFD-EC58-4FC6-8D37-931BA46F55AB}.DebugGame Editor|Win64.Build.0 = BuiltWithUnrealBuildTool|Win32
		{FE4D7CFD-EC58-4FC6-8D37-931BA46F55AB}.DebugGame|HTML5.ActiveCfg = BuiltWithUnrealBuildTool|Win32
		{FE4D7CFD-EC58-4FC6-8D37-931BA46F55AB}.DebugGame|HTML5.Build.0 = BuiltWithUnrealBuildTool|Win32
		{FE4D7CFD-EC58-4FC6-8D37-931BA46F55AB}.DebugGame|Win32.ActiveCfg = BuiltWithUnrealBuildTool|Win32
		{FE4D7CFD-EC58-4FC6-8D37-931BA46F55AB}.DebugGame|Win32.Build.0 = BuiltWithUnrealBuildTool|Win32
		{FE4D7CFD-EC58-4FC6-8D37-931BA46F55AB}.DebugGame|Win64.ActiveCfg = BuiltWithUnrealBuildTool|Win32
		{FE4D7CFD-EC58-4FC6-8D37-931BA46F55AB}.DebugGame|Win64.Build.0 = BuiltWithUnrealBuildTool|Win32
		{FE4D7CFD-EC58-4FC6-8D37-931BA46F55AB}.Development Editor|HTML5.ActiveCfg = BuiltWithUnrealBuildTool|Win32
		{FE4D7CFD-EC58-4FC6-8D37-931BA46F55AB}.Development Editor|HTML5.Build.0 = BuiltWithUnrealBuildTool|Win32
		{FE4D7CFD-EC58-4FC6-8D37-931BA46F55AB}.Development Editor|Win32.ActiveCfg = BuiltWithUnrealBuildTool|Win32
		{FE4D7CFD-EC58-4FC6-8D37-931BA46F55AB}.Development Editor|Win32.Build.0 = BuiltWithUnrealBuildTool|Win32
		{FE4D7CFD-EC58-4FC6-8D37-931BA46F55AB}.Development Editor|Win64.ActiveCfg = BuiltWithUnrealBuildTool|Win32
		{FE4D7CFD-EC58-4FC6-8D37-931BA46F55AB}.Development Editor|Win64.Build.0 = BuiltWithUnrealBuildTool|Win32
		{FE4D7CFD-EC58-4FC6-8D37-931BA46F55AB}.Development|HTML5.ActiveCfg = BuiltWithUnrealBuildTool|Win32
		{FE4D7CFD-EC58-4FC6-8D37-931BA46F55AB}.Development|HTML5.Build.0 = BuiltWithUnrealBuildTool|Win32
		{FE4D7CFD-EC58-4FC6-8D37-931BA46F55AB}.Development|Win32.ActiveCfg = BuiltWithUnrealBuildTool|Win32
		{FE4D7CFD-EC58-4FC6-8D37-931BA46F55AB}.Development|Win32.Build.0 = BuiltWithUnrealBuildTool|Win32
		{FE4D7CFD-EC58-4FC6-8D37-931BA46F55AB}.Development|Win64.ActiveCfg = BuiltWithUnrealBuildTool|Win32
		{FE4D7CFD-EC58-4FC6-8D37-931BA46F55AB}.Development|Win64.Build.0 = BuiltWithUnrealBuildTool|Win32
		{FE4D7CFD-EC58-4FC6-8D37-931BA46F55AB}.Shipping|HTML5.ActiveCfg = BuiltWithUnrealBuildTool|Win32
		{FE4D7CFD-EC58-4FC6-8D37-931BA46F55AB}.Shipping|HTML5.Build.0 = BuiltWithUnrealBuildTool|Win32
		{FE4D7CFD-EC58-4FC6-8D37-931BA46F55AB}.Shipping|Win32.ActiveCfg = BuiltWithUnrealBuildTool|Win32
		{FE4D7CFD-EC58-4FC6-8D37-931BA46F55AB}.Shipping|Win32.Build.0 = BuiltWithUnrealBuildTool|Win32
		{FE4D7CFD-EC58-4FC6-8D37-931BA46F55AB}.Shipping|Win64.ActiveCfg = BuiltWithUnrealBuildTool|Win32
		{FE4D7CFD-EC58-4FC6-8D37-931BA46F55AB}.Shipping|Win64.Build.0 = BuiltWithUnrealBuildTool|Win32
		{75C1BC54-B7C3-43F2-BD11-3858726761DF}.DebugGame Editor|HTML5.ActiveCfg = HTML5_DebugGame_Editor|Win32
		{75C1BC54-B7C3-43F2-BD11-3858726761DF}.DebugGame Editor|Win32.ActiveCfg = DebugGame_Editor|Win32
		{75C1BC54-B7C3-43F2-BD11-3858726761DF}.DebugGame Editor|Win64.ActiveCfg = DebugGame_Editor|x64
		{75C1BC54-B7C3-43F2-BD11-3858726761DF}.DebugGame Editor|Win64.Build.0 = DebugGame_Editor|x64
		{75C1BC54-B7C3-43F2-BD11-3858726761DF}.DebugGame|HTML5.ActiveCfg = HTML5_DebugGame_Game|Win32
		{75C1BC54-B7C3-43F2-BD11-3858726761DF}.DebugGame|HTML5.Build.0 = HTML5_DebugGame_Game|Win32
		{75C1BC54-B7C3-43F2-BD11-3858726761DF}.DebugGame|Win32.ActiveCfg = DebugGame_Game|Win32
		{75C1BC54-B7C3-43F2-BD11-3858726761DF}.DebugGame|Win32.Build.0 = DebugGame_Game|Win32
		{75C1BC54-B7C3-43F2-BD11-3858726761DF}.DebugGame|Win64.ActiveCfg = DebugGame_Game|x64
		{75C1BC54-B7C3-43F2-BD11-3858726761DF}.DebugGame|Win64.Build.0 = DebugGame_Game|x64
		{75C1BC54-B7C3-43F2-BD11-3858726761DF}.Development Editor|HTML5.ActiveCfg = HTML5_Development_Editor|Win32
		{75C1BC54-B7C3-43F2-BD11-3858726761DF}.Development Editor|Win32.ActiveCfg = Development_Editor|Win32
		{75C1BC54-B7C3-43F2-BD11-3858726761DF}.Development Editor|Win64.ActiveCfg = Development_Editor|x64
		{75C1BC54-B7C3-43F2-BD11-3858726761DF}.Development Editor|Win64.Build.0 = Development_Editor|x64
		{75C1BC54-B7C3-43F2-BD11-3858726761DF}.Development|HTML5.ActiveCfg = HTML5_Development_Game|Win32
		{75C1BC54-B7C3-43F2-BD11-3858726761DF}.Development|HTML5.Build.0 = HTML5_Development_Game|Win32
		{75C1BC54-B7C3-43F2-BD11-3858726761DF}.Development|Win32.ActiveCfg = Development_Game|Win32
		{75C1BC54-B7C3-43F2-BD11-3858726761DF}.Development|Win32.Build.0 = Development_Game|Win32
		{75C1BC54-B7C3-43F2-BD11-3858726761DF}.Development|Win64.ActiveCfg = Development_Game|x64
		{75C1BC54-B7C3-43F2-BD11-3858726761DF}.Development|Win64.Build.0 = Development_Game|x64
		{75C1BC54-B7C3-43F2-BD11-3858726761DF}.Shipping|HTML5.ActiveCfg = HTML5_Shipping_Game|Win32
		{75C1BC54-B7C3-43F2-BD11-3858726761DF}.Shipping|HTML5.Build.0 = HTML5_Shipping_Game|Win32
		{75C1BC54-B7C3-43F2-BD11-3858726761DF}.Shipping|Win32.ActiveCfg = Shipping_Game|Win32
		{75C1BC54-B7C3-43F2-BD11-3858726761DF}.Shipping|Win32.Build.0 = Shipping_Game|Win32
		{75C1BC54-B7C3-43F2-BD11-3858726761DF}.Shipping|Win64.ActiveCfg = Shipping_Game|x64
		{75C1BC54-B7C3-43F2-BD11-3858726761DF}.Shipping|Win64.Build.0 = Shipping_Game|x64
	EndGlobalSection
	GlobalSection(SolutionProperties) = preSolution
		HideSolutionNode = FALSE
	EndGlobalSection
	GlobalSection(NestedProjects) = preSolution
		{FE4D7CFD-EC58-4FC6-8D37-931BA46F55AB} = {B68D27F0-5B42-41B1-B706-1CCE9FB8FD16}
		{75C1BC54-B7C3-43F2-BD11-3858726761DF} = {4909B2A4-D07B-425F-9BA1-3D2252657D09}
	EndGlobalSection
	GlobalSection(ExtensibilityGlobals) = postSolution
		SolutionGuid = {74F35306-E376-46A3-88AE-C054D78AE8BC}
	EndGlobalSection
EndGlobal
